
Microsoft Visual Studio Solution File, Format Version 12.00
# Visual Studio Version 17
VisualStudioVersion = 17.7.34031.279
MinimumVisualStudioVersion = 10.0.40219.1
Project("{FAE04EC0-301F-11D3-BF4B-00C04F79EFBC}") = "MauiApp3", "MauiApp3\MauiApp3.csproj", "{0A89A191-CF73-40B0-A8C4-8C9A7F967151}"
EndProject
Global
	GlobalSection(SolutionConfigurationPlatforms) = preSolution
		Debug|Any CPU = Debug|Any CPU
		Release|Any CPU = Release|Any CPU
	EndGlobalSection
	GlobalSection(ProjectConfigurationPlatforms) = postSolution
		{0A89A191-CF73-40B0-A8C4-8C9A7F967151}.Debug|Any CPU.ActiveCfg = Debug|Any CPU
		{0A89A191-CF73-40B0-A8C4-8C9A7F967151}.Debug|Any CPU.Build.0 = Debug|Any CPU
		{0A89A191-CF73-40B0-A8C4-8C9A7F967151}.Debug|Any CPU.Deploy.0 = Debug|Any CPU
		{0A89A191-CF73-40B0-A8C4-8C9A7F967151}.Release|Any CPU.ActiveCfg = Release|Any CPU
		{0A89A191-CF73-40B0-A8C4-8C9A7F967151}.Release|Any CPU.Build.0 = Release|Any CPU
		{0A89A191-CF73-40B0-A8C4-8C9A7F967151}.Release|Any CPU.Deploy.0 = Release|Any CPU
	EndGlobalSection
	GlobalSection(SolutionProperties) = preSolution
		HideSolutionNode = FALSE
	EndGlobalSection
	GlobalSection(ExtensibilityGlobals) = postSolution
		SolutionGuid = {EA6BBAAD-00AD-4CB5-835B-DD7C619B8076}
	EndGlobalSection
EndGlobal
